github.com/davecgh/go-spew v1.1.0/go.mod h1:J7Y8YcW2NihsgmVo/mv3lAwl/skON4iLHjSsI+c5H38=
github.com/davecgh/go-spew v1.1.1/go.mod h1:J7Y8YcW2NihsgmVo/mv3lAwl/skON4iLHjSsI+c5H38=
github.com/google/gofuzz v1.0.0/go.mod h1:dBl0BpW6vV/+mYPU4Po3pmUjxk6FQPldtuIdl/M65Eg=
github.com/hashicorp/go-version v1.9.0 h1:CeOIz6k+LoN3qX9Z0tyQrPtiB1DFYRPfCIBtaXPSCnA=
github.com/hashicorp/go-version v1.9.0/go.mod h1:fltr4n8CU8Ke44wwGCBoEymUuxUHl09ZGVZPK5anwXA=
github.com/json-iterator/go v1.1.12 h1:PV8peI4a0ysnczrg+LtxykD8LfKY9ML6u2jnxaEnrnM=
github.com/json-iterator/go v1.1.12/go.mod h1:e30LSqwooZae/UwlEbR2852Gd8hjQvJoHmT4TnhNGBo=
github.com/modern-go/concurrent v0.0.0-20180228061459-e0a39a4cb421/go.mod h1:6dJC0mAP4ikYIbvyc7fijjWJddQyLn8Ig3JB5CqoB9Q=
github.com/modern-go/concurrent v0.0.0-20180306012644-bacd9c7ef1dd h1:TRLaZ9cD/w8PVh93nsPXa1VrQ6jlwL5oN8l14QlcNfg=
github.com/modern-go/concurrent v0.0.0-20180306012644-bacd9c7ef1dd/go.mod h1:6dJC0mAP4ikYIbvyc7fijjWJddQyLn8Ig3JB5CqoB9Q=
github.com/modern-go/reflect2 v1.0.2/go.mod h1:yWuevngMOJpCy52FWWMvUC8ws7m/LJsjYzDa0/r8luk=
github.com/modern-go/reflect2 v1.0.3-0.20250322232337-35a7c28c31ee h1:W5t00kpgFdJifH4BDsTlE89Zl93FEloxaWZfGcifgq8=
github.com/modern-go/reflect2 v1.0.3-0.20250322232337-35a7c28c31ee/go.mod h1:yWuevngMOJpCy52FWWMvUC8ws7m/LJsjYzDa0/r8luk=
github.com/pmezard/go-difflib v1.0.0/go.mod h1:iKH77koFhYxTK1pcRnkKkqfTogsbg7gZNVY4sRDYZ/4=
github.com/stretchr/objx v0.1.0/go.mod h1:HFkY916IF+rwdDfMAkV7OtwuqBVzrE8GR6GFx+wExME=
github.com/stretchr/testify v1.3.0/go.mod h1:M5WIy9Dh21IEIfnGCwXGc5bZfKNJtfHm1UVUgZn+9EI=
github.com/stretchr/testify v1.12.1 h1:EuwCh5fleGS7H32xRwO3wRGT7DxrDhLAT6FF8MpWDWE=
github.com/stretchr/testify v1.12.1/go.mod h1:MDEgiDPPsNp5cuIrHPPCyornHKgEVbtFUmoNlxoYthg=
go.opentelemetry.io/collector/featuregate v1.66.0 h1:zy7JvvPanCVexGnZnMWR/htZ1BKWPEo1/vZKMuhZSQ0=
go.opentelemetry.io/collector/featuregate v1.66.0/go.mod h1:dRYifiJa2vQ6LWpPwHny4mL82mnGWsWEVeVWw+DhYJw=
go.opentelemetry.io/collector/internal/testutil v0.160.0 h1:Y6AeI8KjqglQzKYmNoSy9FB2CohuyoYxcLZEXQPW4og=
go.opentelemetry.io/collector/internal/testutil v0.160.0/go.mod h1:FV43FoAsh4fP615Sc5ZSh7iPMgZaSgha6ngavix9OEI=
go.opentelemetry.io/collector/pdata v1.66.0 h1:GvbRMxks0XbmH7UEGvgcauboAgH+DE9xMtgIEGUBENw=
go.opentelemetry.io/collector/pdata v1.66.0/go.mod h1:tdtY5DNoyzgXQmdH7pPNyeM5EiH3dGsKdPC6wUXeigU=
go.opentelemetry.io/proto/slim/otlp v1.11.0 h1:zB37f+f99+y6UIZR4h7UpwbXd5kFNyip35U7GaJ/Jik=
go.opentelemetry.io/proto/slim/otlp v1.11.0/go.mod h1:mI3DeND+VXZuA4keqFPKDJ3BklwveYm1JqBcEWKDEOM=
go.opentelemetry.io/proto/slim/otlp/collector/profiles/v1development v0.4.0 h1:mt+DWtks0biKnz0jXMpDbxWN0CHJi6OJDKe4GcREkcs=
go.opentelemetry.io/proto/slim/otlp/collector/profiles/v1development v0.4.0/go.mod h1:7UXaX/7uT+kumUHd3LIWyjMlklEp0mPlrE9xmtbG6/8=
go.opentelemetry.io/proto/slim/otlp/profiles/v1development v0.4.0 h1:rLHkdB6eHDiRSIoz0cvNuTJsVJBxaL6IyS1e9BSaXLY=
go.opentelemetry.io/proto/slim/otlp/profiles/v1development v0.4.0/go.mod h1:BrX0dmOGsMuWNXXbFafTD7Gb6F3yK+2czVQ6+c24Cnk=
go.uber.org/goleak v1.3.0 h1:2K3zAYmnTNqV73imy9J1T3WC+gmCePx2hEGkimedGto=
go.uber.org/goleak v1.3.0/go.mod h1:CoHD4mav9JJNrW/WLlf7HGZPjdw8EucARQHekz1X6bE=
go.uber.org/multierr v1.11.0 h1:blXXJkSxSSfBVBlC76pxqeO+LN3aDfLQo+309xJstO0=
go.uber.org/multierr v1.11.0/go.mod h1:20+QtiLqy0Nd6FdQB9TLXag12DsQkrbs3htMFfDN80Y=
go.yaml.in/yaml/v3 v3.0.5 h1:N6y/pJk8buWs9NY5ERU2HSMfm+IuD/OtfdAnq6kESPw=
go.yaml.in/yaml/v3 v3.0.5/go.mod h1:HVTZu1O7/Vkt2N+BFy8Zza+lnLsABggaTM2ZpNIGuKg=
google.golang.org/protobuf v1.36.12 h1:pJOKDDOyeXErUroCihFAd5LQuwXBSpVnKGrj5o/fwxc=
google.golang.org/protobuf v1.36.12/go.mod h1:HTf+CrKn2C3g5S8VImy6tdcUvCska2kB7j23XfzDpco=
